
Microsoft Visual Studio Solution File, Format Version 12.00
# Visual Studio Version 16
VisualStudioVersion = 16.0.30001.183
MinimumVisualStudioVersion = 10.0.40219.1
Project("{2150E333-8FDC-42A3-9474-1A3956D46DE8}") = "Libs", "Libs", "{373E13DE-5F09-4157-8365-8FB19FE1B4E7}"
EndProject
Project("{9A19103F-16F7-4668-BE54-9A1E7A4F7556}") = "ClientClass", "ClientClass\ClientClass.csproj", "{37EA46AA-6995-461F-B080-C166DF17B7E7}"
EndProject
Project("{9A19103F-16F7-4668-BE54-9A1E7A4F7556}") = "MobileClient", "MobileClient\MobileClient\MobileClient.csproj", "{FE34168A-9F29-4B6C-B822-29FE58072491}"
EndProject
Project("{FAE04EC0-301F-11D3-BF4B-00C04F79EFBC}") = "MobileClient.Android", "MobileClient\MobileClient.Android\MobileClient.Android.csproj", "{C6E3A45B-E4E0-4F4C-A253-C07A11F47A9D}"
EndProject
Project("{9A19103F-16F7-4668-BE54-9A1E7A4F7556}") = "ServerCore", "ServerCore\ServerCore.csproj", "{4996F832-CCA5-4B4B-8FEB-771228FC82F2}"
EndProject
Project("{9A19103F-16F7-4668-BE54-9A1E7A4F7556}") = "StructLibCore", "StructLibCore\StructLibCore.csproj", "{B5B4ACD7-339F-45FF-9030-E32FC70374A4}"
EndProject
Project("{9A19103F-16F7-4668-BE54-9A1E7A4F7556}") = "WinFormsClientLib", "WinFormsClientLib\WinFormsClientLib.csproj", "{AB64CD52-78E4-42F2-82F3-4ECC59590DCC}"
EndProject
Project("{2150E333-8FDC-42A3-9474-1A3956D46DE8}") = "Apps", "Apps", "{CD3A5236-492F-461E-BB8F-D3418B36C817}"
EndProject
Project("{2150E333-8FDC-42A3-9474-1A3956D46DE8}") = "Solution Items", "Solution Items", "{9209AB4C-8813-48C6-A8CA-99C5CCEDBF5A}"
	ProjectSection(SolutionItems) = preProject
		План.txt = План.txt
	EndProjectSection
EndProject
Project("{9A19103F-16F7-4668-BE54-9A1E7A4F7556}") = "NetworkLibrary", "NetworkLibrary\NetworkLibrary.csproj", "{B96F58D1-DAEA-47F5-B087-B63799F281A0}"
EndProject
Project("{FAE04EC0-301F-11D3-BF4B-00C04F79EFBC}") = "DBLibrary", "DBLibrary\DBLibrary.csproj", "{0F328E0C-D5FC-4A1A-AB38-D0B2B59323D3}"
EndProject
Project("{FAE04EC0-301F-11D3-BF4B-00C04F79EFBC}") = "ItemProcessor", "ItemProcessor\ItemProcessor.csproj", "{0E1078C6-7E00-4549-927E-4E62BB073C44}"
EndProject
Global
	GlobalSection(SolutionConfigurationPlatforms) = preSolution
		Debug|Any CPU = Debug|Any CPU
		Debug|x64 = Debug|x64
		Debug|x86 = Debug|x86
		Release|Any CPU = Release|Any CPU
		Release|x64 = Release|x64
		Release|x86 = Release|x86
	EndGlobalSection
	GlobalSection(ProjectConfigurationPlatforms) = postSolution
		{37EA46AA-6995-461F-B080-C166DF17B7E7}.Debug|Any CPU.ActiveCfg = Debug|Any CPU
		{37EA46AA-6995-461F-B080-C166DF17B7E7}.Debug|Any CPU.Build.0 = Debug|Any CPU
		{37EA46AA-6995-461F-B080-C166DF17B7E7}.Debug|x64.ActiveCfg = Debug|Any CPU
		{37EA46AA-6995-461F-B080-C166DF17B7E7}.Debug|x64.Build.0 = Debug|Any CPU
		{37EA46AA-6995-461F-B080-C166DF17B7E7}.Debug|x86.ActiveCfg = Debug|Any CPU
		{37EA46AA-6995-461F-B080-C166DF17B7E7}.Debug|x86.Build.0 = Debug|Any CPU
		{37EA46AA-6995-461F-B080-C166DF17B7E7}.Release|Any CPU.ActiveCfg = Release|Any CPU
		{37EA46AA-6995-461F-B080-C166DF17B7E7}.Release|Any CPU.Build.0 = Release|Any CPU
		{37EA46AA-6995-461F-B080-C166DF17B7E7}.Release|x64.ActiveCfg = Release|Any CPU
		{37EA46AA-6995-461F-B080-C166DF17B7E7}.Release|x64.Build.0 = Release|Any CPU
		{37EA46AA-6995-461F-B080-C166DF17B7E7}.Release|x86.ActiveCfg = Release|Any CPU
		{37EA46AA-6995-461F-B080-C166DF17B7E7}.Release|x86.Build.0 = Release|Any CPU
		{FE34168A-9F29-4B6C-B822-29FE58072491}.Debug|Any CPU.ActiveCfg = Debug|Any CPU
		{FE34168A-9F29-4B6C-B822-29FE58072491}.Debug|Any CPU.Build.0 = Debug|Any CPU
		{FE34168A-9F29-4B6C-B822-29FE58072491}.Debug|x64.ActiveCfg = Debug|Any CPU
		{FE34168A-9F29-4B6C-B822-29FE58072491}.Debug|x64.Build.0 = Debug|Any CPU
		{FE34168A-9F29-4B6C-B822-29FE58072491}.Debug|x86.ActiveCfg = Debug|Any CPU
		{FE34168A-9F29-4B6C-B822-29FE58072491}.Debug|x86.Build.0 = Debug|Any CPU
		{FE34168A-9F29-4B6C-B822-29FE58072491}.Release|Any CPU.ActiveCfg = Release|Any CPU
		{FE34168A-9F29-4B6C-B822-29FE58072491}.Release|Any CPU.Build.0 = Release|Any CPU
		{FE34168A-9F29-4B6C-B822-29FE58072491}.Release|x64.ActiveCfg = Release|Any CPU
		{FE34168A-9F29-4B6C-B822-29FE58072491}.Release|x64.Build.0 = Release|Any CPU
		{FE34168A-9F29-4B6C-B822-29FE58072491}.Release|x86.ActiveCfg = Release|Any CPU
		{FE34168A-9F29-4B6C-B822-29FE58072491}.Release|x86.Build.0 = Release|Any CPU
		{C6E3A45B-E4E0-4F4C-A253-C07A11F47A9D}.Debug|Any CPU.ActiveCfg = Debug|Any CPU
		{C6E3A45B-E4E0-4F4C-A253-C07A11F47A9D}.Debug|Any CPU.Build.0 = Debug|Any CPU
		{C6E3A45B-E4E0-4F4C-A253-C07A11F47A9D}.Debug|Any CPU.Deploy.0 = Debug|Any CPU
		{C6E3A45B-E4E0-4F4C-A253-C07A11F47A9D}.Debug|x64.ActiveCfg = Debug|Any CPU
		{C6E3A45B-E4E0-4F4C-A253-C07A11F47A9D}.Debug|x64.Build.0 = Debug|Any CPU
		{C6E3A45B-E4E0-4F4C-A253-C07A11F47A9D}.Debug|x64.Deploy.0 = Debug|Any CPU
		{C6E3A45B-E4E0-4F4C-A253-C07A11F47A9D}.Debug|x86.ActiveCfg = Debug|Any CPU
		{C6E3A45B-E4E0-4F4C-A253-C07A11F47A9D}.Debug|x86.Build.0 = Debug|Any CPU
		{C6E3A45B-E4E0-4F4C-A253-C07A11F47A9D}.Debug|x86.Deploy.0 = Debug|Any CPU
		{C6E3A45B-E4E0-4F4C-A253-C07A11F47A9D}.Release|Any CPU.ActiveCfg = Release|Any CPU
		{C6E3A45B-E4E0-4F4C-A253-C07A11F47A9D}.Release|Any CPU.Build.0 = Release|Any CPU
		{C6E3A45B-E4E0-4F4C-A253-C07A11F47A9D}.Release|Any CPU.Deploy.0 = Release|Any CPU
		{C6E3A45B-E4E0-4F4C-A253-C07A11F47A9D}.Release|x64.ActiveCfg = Release|Any CPU
		{C6E3A45B-E4E0-4F4C-A253-C07A11F47A9D}.Release|x64.Build.0 = Release|Any CPU
		{C6E3A45B-E4E0-4F4C-A253-C07A11F47A9D}.Release|x64.Deploy.0 = Release|Any CPU
		{C6E3A45B-E4E0-4F4C-A253-C07A11F47A9D}.Release|x86.ActiveCfg = Release|Any CPU
		{C6E3A45B-E4E0-4F4C-A253-C07A11F47A9D}.Release|x86.Build.0 = Release|Any CPU
		{C6E3A45B-E4E0-4F4C-A253-C07A11F47A9D}.Release|x86.Deploy.0 = Release|Any CPU
		{4996F832-CCA5-4B4B-8FEB-771228FC82F2}.Debug|Any CPU.ActiveCfg = Debug|Any CPU
		{4996F832-CCA5-4B4B-8FEB-771228FC82F2}.Debug|Any CPU.Build.0 = Debug|Any CPU
		{4996F832-CCA5-4B4B-8FEB-771228FC82F2}.Debug|x64.ActiveCfg = Debug|x64
		{4996F832-CCA5-4B4B-8FEB-771228FC82F2}.Debug|x64.Build.0 = Debug|x64
		{4996F832-CCA5-4B4B-8FEB-771228FC82F2}.Debug|x86.ActiveCfg = Debug|x86
		{4996F832-CCA5-4B4B-8FEB-771228FC82F2}.Debug|x86.Build.0 = Debug|x86
		{4996F832-CCA5-4B4B-8FEB-771228FC82F2}.Release|Any CPU.ActiveCfg = Release|Any CPU
		{4996F832-CCA5-4B4B-8FEB-771228FC82F2}.Release|Any CPU.Build.0 = Release|Any CPU
		{4996F832-CCA5-4B4B-8FEB-771228FC82F2}.Release|x64.ActiveCfg = Release|x64
		{4996F832-CCA5-4B4B-8FEB-771228FC82F2}.Release|x64.Build.0 = Release|x64
		{4996F832-CCA5-4B4B-8FEB-771228FC82F2}.Release|x86.ActiveCfg = Release|x86
		{4996F832-CCA5-4B4B-8FEB-771228FC82F2}.Release|x86.Build.0 = Release|x86
		{B5B4ACD7-339F-45FF-9030-E32FC70374A4}.Debug|Any CPU.ActiveCfg = Debug|Any CPU
		{B5B4ACD7-339F-45FF-9030-E32FC70374A4}.Debug|Any CPU.Build.0 = Debug|Any CPU
		{B5B4ACD7-339F-45FF-9030-E32FC70374A4}.Debug|x64.ActiveCfg = Debug|Any CPU
		{B5B4ACD7-339F-45FF-9030-E32FC70374A4}.Debug|x64.Build.0 = Debug|Any CPU
		{B5B4ACD7-339F-45FF-9030-E32FC70374A4}.Debug|x86.ActiveCfg = Debug|Any CPU
		{B5B4ACD7-339F-45FF-9030-E32FC70374A4}.Debug|x86.Build.0 = Debug|Any CPU
		{B5B4ACD7-339F-45FF-9030-E32FC70374A4}.Release|Any CPU.ActiveCfg = Release|Any CPU
		{B5B4ACD7-339F-45FF-9030-E32FC70374A4}.Release|Any CPU.Build.0 = Release|Any CPU
		{B5B4ACD7-339F-45FF-9030-E32FC70374A4}.Release|x64.ActiveCfg = Release|Any CPU
		{B5B4ACD7-339F-45FF-9030-E32FC70374A4}.Release|x64.Build.0 = Release|Any CPU
		{B5B4ACD7-339F-45FF-9030-E32FC70374A4}.Release|x86.ActiveCfg = Release|Any CPU
		{B5B4ACD7-339F-45FF-9030-E32FC70374A4}.Release|x86.Build.0 = Release|Any CPU
		{AB64CD52-78E4-42F2-82F3-4ECC59590DCC}.Debug|Any CPU.ActiveCfg = Debug|Any CPU
		{AB64CD52-78E4-42F2-82F3-4ECC59590DCC}.Debug|Any CPU.Build.0 = Debug|Any CPU
		{AB64CD52-78E4-42F2-82F3-4ECC59590DCC}.Debug|x64.ActiveCfg = Debug|Any CPU
		{AB64CD52-78E4-42F2-82F3-4ECC59590DCC}.Debug|x64.Build.0 = Debug|Any CPU
		{AB64CD52-78E4-42F2-82F3-4ECC59590DCC}.Debug|x86.ActiveCfg = Debug|Any CPU
		{AB64CD52-78E4-42F2-82F3-4ECC59590DCC}.Debug|x86.Build.0 = Debug|Any CPU
		{AB64CD52-78E4-42F2-82F3-4ECC59590DCC}.Release|Any CPU.ActiveCfg = Release|Any CPU
		{AB64CD52-78E4-42F2-82F3-4ECC59590DCC}.Release|Any CPU.Build.0 = Release|Any CPU
		{AB64CD52-78E4-42F2-82F3-4ECC59590DCC}.Release|x64.ActiveCfg = Release|Any CPU
		{AB64CD52-78E4-42F2-82F3-4ECC59590DCC}.Release|x64.Build.0 = Release|Any CPU
		{AB64CD52-78E4-42F2-82F3-4ECC59590DCC}.Release|x86.ActiveCfg = Release|Any CPU
		{AB64CD52-78E4-42F2-82F3-4ECC59590DCC}.Release|x86.Build.0 = Release|Any CPU
		{B96F58D1-DAEA-47F5-B087-B63799F281A0}.Debug|Any CPU.ActiveCfg = Debug|Any CPU
		{B96F58D1-DAEA-47F5-B087-B63799F281A0}.Debug|Any CPU.Build.0 = Debug|Any CPU
		{B96F58D1-DAEA-47F5-B087-B63799F281A0}.Debug|x64.ActiveCfg = Debug|Any CPU
		{B96F58D1-DAEA-47F5-B087-B63799F281A0}.Debug|x64.Build.0 = Debug|Any CPU
		{B96F58D1-DAEA-47F5-B087-B63799F281A0}.Debug|x86.ActiveCfg = Debug|Any CPU
		{B96F58D1-DAEA-47F5-B087-B63799F281A0}.Debug|x86.Build.0 = Debug|Any CPU
		{B96F58D1-DAEA-47F5-B087-B63799F281A0}.Release|Any CPU.ActiveCfg = Release|Any CPU
		{B96F58D1-DAEA-47F5-B087-B63799F281A0}.Release|Any CPU.Build.0 = Release|Any CPU
		{B96F58D1-DAEA-47F5-B087-B63799F281A0}.Release|x64.ActiveCfg = Release|Any CPU
		{B96F58D1-DAEA-47F5-B087-B63799F281A0}.Release|x64.Build.0 = Release|Any CPU
		{B96F58D1-DAEA-47F5-B087-B63799F281A0}.Release|x86.ActiveCfg = Release|Any CPU
		{B96F58D1-DAEA-47F5-B087-B63799F281A0}.Release|x86.Build.0 = Release|Any CPU
		{0F328E0C-D5FC-4A1A-AB38-D0B2B59323D3}.Debug|Any CPU.ActiveCfg = Debug|Any CPU
		{0F328E0C-D5FC-4A1A-AB38-D0B2B59323D3}.Debug|Any CPU.Build.0 = Debug|Any CPU
		{0F328E0C-D5FC-4A1A-AB38-D0B2B59323D3}.Debug|x64.ActiveCfg = Debug|Any CPU
		{0F328E0C-D5FC-4A1A-AB38-D0B2B59323D3}.Debug|x64.Build.0 = Debug|Any CPU
		{0F328E0C-D5FC-4A1A-AB38-D0B2B59323D3}.Debug|x86.ActiveCfg = Debug|Any CPU
		{0F328E0C-D5FC-4A1A-AB38-D0B2B59323D3}.Debug|x86.Build.0 = Debug|Any CPU
		{0F328E0C-D5FC-4A1A-AB38-D0B2B59323D3}.Release|Any CPU.ActiveCfg = Release|Any CPU
		{0F328E0C-D5FC-4A1A-AB38-D0B2B59323D3}.Release|Any CPU.Build.0 = Release|Any CPU
		{0F328E0C-D5FC-4A1A-AB38-D0B2B59323D3}.Release|x64.ActiveCfg = Release|Any CPU
		{0F328E0C-D5FC-4A1A-AB38-D0B2B59323D3}.Release|x64.Build.0 = Release|Any CPU
		{0F328E0C-D5FC-4A1A-AB38-D0B2B59323D3}.Release|x86.ActiveCfg = Release|Any CPU
		{0F328E0C-D5FC-4A1A-AB38-D0B2B59323D3}.Release|x86.Build.0 = Release|Any CPU
		{0E1078C6-7E00-4549-927E-4E62BB073C44}.Debug|Any CPU.ActiveCfg = Debug|Any CPU
		{0E1078C6-7E00-4549-927E-4E62BB073C44}.Debug|Any CPU.Build.0 = Debug|Any CPU
		{0E1078C6-7E00-4549-927E-4E62BB073C44}.Debug|x64.ActiveCfg = Debug|Any CPU
		{0E1078C6-7E00-4549-927E-4E62BB073C44}.Debug|x64.Build.0 = Debug|Any CPU
		{0E1078C6-7E00-4549-927E-4E62BB073C44}.Debug|x86.ActiveCfg = Debug|Any CPU
		{0E1078C6-7E00-4549-927E-4E62BB073C44}.Debug|x86.Build.0 = Debug|Any CPU
		{0E1078C6-7E00-4549-927E-4E62BB073C44}.Release|Any CPU.ActiveCfg = Release|Any CPU
		{0E1078C6-7E00-4549-927E-4E62BB073C44}.Release|Any CPU.Build.0 = Release|Any CPU
		{0E1078C6-7E00-4549-927E-4E62BB073C44}.Release|x64.ActiveCfg = Release|Any CPU
		{0E1078C6-7E00-4549-927E-4E62BB073C44}.Release|x64.Build.0 = Release|Any CPU
		{0E1078C6-7E00-4549-927E-4E62BB073C44}.Release|x86.ActiveCfg = Release|Any CPU
		{0E1078C6-7E00-4549-927E-4E62BB073C44}.Release|x86.Build.0 = Release|Any CPU
	EndGlobalSection
	GlobalSection(SolutionProperties) = preSolution
		HideSolutionNode = FALSE
	EndGlobalSection
	GlobalSection(NestedProjects) = preSolution
		{37EA46AA-6995-461F-B080-C166DF17B7E7} = {373E13DE-5F09-4157-8365-8FB19FE1B4E7}
		{FE34168A-9F29-4B6C-B822-29FE58072491} = {373E13DE-5F09-4157-8365-8FB19FE1B4E7}
		{C6E3A45B-E4E0-4F4C-A253-C07A11F47A9D} = {CD3A5236-492F-461E-BB8F-D3418B36C817}
		{4996F832-CCA5-4B4B-8FEB-771228FC82F2} = {CD3A5236-492F-461E-BB8F-D3418B36C817}
		{B5B4ACD7-339F-45FF-9030-E32FC70374A4} = {373E13DE-5F09-4157-8365-8FB19FE1B4E7}
		{AB64CD52-78E4-42F2-82F3-4ECC59590DCC} = {373E13DE-5F09-4157-8365-8FB19FE1B4E7}
		{B96F58D1-DAEA-47F5-B087-B63799F281A0} = {373E13DE-5F09-4157-8365-8FB19FE1B4E7}
		{0F328E0C-D5FC-4A1A-AB38-D0B2B59323D3} = {373E13DE-5F09-4157-8365-8FB19FE1B4E7}
		{0E1078C6-7E00-4549-927E-4E62BB073C44} = {373E13DE-5F09-4157-8365-8FB19FE1B4E7}
	EndGlobalSection
	GlobalSection(ExtensibilityGlobals) = postSolution
		SolutionGuid = {F4791D75-82E4-4801-81B8-36808324D5CC}
	EndGlobalSection
EndGlobal
